
Microsoft Visual Studio Solution File, Format Version 12.00
# Visual Studio Version 17
VisualStudioVersion = 17.4.33110.190
MinimumVisualStudioVersion = 10.0.40219.1
Project("{FAE04EC0-301F-11D3-BF4B-00C04F79EFBC}") = "DemoProject", "DemoProject\DemoProject.csproj", "{36633680-7AAB-4E98-BE65-047E2EE89203}"
EndProject
Project("{FAE04EC0-301F-11D3-BF4B-00C04F79EFBC}") = "DemoProjectTest", "DemoProjectTest\DemoProjectTest.csproj", "{FA17F803-CC55-41E3-90F6-C8CAE268D873}"
EndProject
Global
	GlobalSection(SolutionConfigurationPlatforms) = preSolution
		Debug|Any CPU = Debug|Any CPU
		Release|Any CPU = Release|Any CPU
	EndGlobalSection
	GlobalSection(ProjectConfigurationPlatforms) = postSolution
		{36633680-7AAB-4E98-BE65-047E2EE89203}.Debug|Any CPU.ActiveCfg = Debug|Any CPU
		{36633680-7AAB-4E98-BE65-047E2EE89203}.Debug|Any CPU.Build.0 = Debug|Any CPU
		{36633680-7AAB-4E98-BE65-047E2EE89203}.Release|Any CPU.ActiveCfg = Release|Any CPU
		{36633680-7AAB-4E98-BE65-047E2EE89203}.Release|Any CPU.Build.0 = Release|Any CPU
		{FA17F803-CC55-41E3-90F6-C8CAE268D873}.Debug|Any CPU.ActiveCfg = Debug|Any CPU
		{FA17F803-CC55-41E3-90F6-C8CAE268D873}.Debug|Any CPU.Build.0 = Debug|Any CPU
		{FA17F803-CC55-41E3-90F6-C8CAE268D873}.Release|Any CPU.ActiveCfg = Release|Any CPU
		{FA17F803-CC55-41E3-90F6-C8CAE268D873}.Release|Any CPU.Build.0 = Release|Any CPU
	EndGlobalSection
	GlobalSection(SolutionProperties) = preSolution
		HideSolutionNode = FALSE
	EndGlobalSection
	GlobalSection(ExtensibilityGlobals) = postSolution
		SolutionGuid = {7052E96D-F6EB-45C0-B924-88442640CDD4}
	EndGlobalSection
EndGlobal
